<?xml version="1.0" encoding="UTF-8"?>
<Scheme
   LastUpgradeVersion = "1320"
   version = "1.3">
   <BuildAction
      parallelizeBuildables = "YES"
      buildImplicitDependencies = "YES">
      <BuildActionEntries>
         <BuildActionEntry
            buildForTesting = "YES"
            buildForRunning = "YES"
            buildForProfiling = "YES"
            buildForArchiving = "YES"
            buildForAnalyzing = "YES">
            <BuildableReference
               BuildableIdentifier = "primary"
               BlueprintIdentifier = "1875EDD1285BBE92009E4B4F"
               BuildableName = "Essential_Feed.framework"
               BlueprintName = "Essential Feed"
               ReferencedContainer = "container:Essential Feed.xcodeproj">
            </BuildableReference>
         </BuildActionEntry>
         <BuildActionEntry
            buildForTesting = "YES"
            buildForRunning = "YES"
            buildForProfiling = "YES"
            buildForArchiving = "YES"
            buildForAnalyzing = "YES">
            <BuildableReference
               BuildableIdentifier = "primary"
               BlueprintIdentifier = "1804BFD728B88BC10008A42B"
               BuildableName = "Essential_FeediOSTests.xctest"
               BlueprintName = "Essential_FeediOSTests"
               ReferencedContainer = "container:Essential Feed.xcodeproj">
            </BuildableReference>
         </BuildActionEntry>
      </BuildActionEntries>
   </BuildAction>
   <TestAction
      buildConfiguration = "Debug"
      selectedDebuggerIdentifier = "Xcode.DebuggerFoundation.Debugger.LLDB"
      selectedLauncherIdentifier = "Xcode.DebuggerFoundation.Launcher.LLDB"
      shouldUseLaunchSchemeArgsEnv = "YES"
      codeCoverageEnabled = "YES"
      onlyGenerateCoverageForSpecifiedTargets = "YES">
      <CodeCoverageTargets>
         <BuildableReference
            BuildableIdentifier = "primary"
            BlueprintIdentifier = "1875EDD1285BBE92009E4B4F"
            BuildableName = "Essential_Feed.framework"
            BlueprintName = "Essential Feed"
            ReferencedContainer = "container:Essential Feed.xcodeproj">
         </BuildableReference>
         <BuildableReference
            BuildableIdentifier = "primary"
            BlueprintIdentifier = "1804BFCE28B88BC10008A42B"
            BuildableName = "Essential_FeediOS.framework"
            BlueprintName = "Essential_FeediOS"
            ReferencedContainer = "container:Essential Feed.xcodeproj">
         </BuildableReference>
      </CodeCoverageTargets>
      <Testables>
         <TestableReference
            skipped = "NO"
            testExecutionOrdering = "random">
            <BuildableReference
               BuildableIdentifier = "primary"
               BlueprintIdentifier = "181CAAEC2897074500D8788D"
               BuildableName = "Essential_FeedAPIEndToEndTests.xctest"
               BlueprintName = "Essential_FeedAPIEndToEndTests"
               ReferencedContainer = "container:Essential Feed.xcodeproj">
            </BuildableReference>
         </TestableReference>
         <TestableReference
            skipped = "NO"
            testExecutionOrdering = "random">
            <BuildableReference
               BuildableIdentifier = "primary"
               BlueprintIdentifier = "1875EDDB285BBE92009E4B4F"
               BuildableName = "Essential FeedTests.xctest"
               BlueprintName = "Essential FeedTests"
               ReferencedContainer = "container:Essential Feed.xcodeproj">
            </BuildableReference>
         </TestableReference>
         <TestableReference
            skipped = "NO"
            testExecutionOrdering = "random">
            <BuildableReference
               BuildableIdentifier = "primary"
               BlueprintIdentifier = "18ACE9DC28B4814100B3E69C"
               BuildableName = "Essential_FeedCacheIntegerationTests.xctest"
               BlueprintName = "Essential_FeedCacheIntegerationTests"
               ReferencedContainer = "container:Essential Feed.xcodeproj">
            </BuildableReference>
         </TestableReference>
         <TestableReference
            skipped = "NO"
            testExecutionOrdering = "random">
            <BuildableReference
               BuildableIdentifier = "primary"
               BlueprintIdentifier = "1804BFD728B88BC10008A42B"
               BuildableName = "Essential_FeediOSTests.xctest"
               BlueprintName = "Essential_FeediOSTests"
               ReferencedContainer = "container:Essential Feed.xcodeproj">
            </BuildableReference>
         </TestableReference>
      </Testables>
   </TestAction>
   <LaunchAction
      buildConfiguration = "Debug"
      selectedDebuggerIdentifier = "Xcode.DebuggerFoundation.Debugger.LLDB"
      selectedLauncherIdentifier = "Xcode.DebuggerFoundation.Launcher.LLDB"
      launchStyle = "0"
      useCustomWorkingDirectory = "NO"
      ignoresPersistentStateOnLaunch = "NO"
      debugDocumentVersioning = "YES"
      debugServiceExtension = "internal"
      allowLocationSimulation = "YES">
   </LaunchAction>
   <ProfileAction
      buildConfiguration = "Release"
      shouldUseLaunchSchemeArgsEnv = "YES"
      savedToolIdentifier = ""
      useCustomWorkingDirectory = "NO"
      debugDocumentVersioning = "YES">
      <MacroExpansion>
         <BuildableReference
            BuildableIdentifier = "primary"
            BlueprintIdentifier = "1875EDD1285BBE92009E4B4F"
            BuildableName = "Essential_Feed.framework"
            BlueprintName = "Essential Feed"
            ReferencedContainer = "container:Essential Feed.xcodeproj">
         </BuildableReference>
      </MacroExpansion>
   </ProfileAction>
   <AnalyzeAction
      buildConfiguration = "Debug">
   </AnalyzeAction>
   <ArchiveAction
      buildConfiguration = "Release"
      revealArchiveInOrganizer = "YES">
   </ArchiveAction>
</Scheme>
